
Microsoft Visual Studio Solution File, Format Version 12.00
Project("{FAE04EC0-301F-11D3-BF4B-00C04F79EFBC}") = "SimpleMappings", "SimpleMappings\SimpleMappings.csproj", "{8AFD0BD7-D8C8-41C7-8638-AA211CC60F05}"
EndProject
Project("{FAE04EC0-301F-11D3-BF4B-00C04F79EFBC}") = "SimpleMappings.Tests", "SimpleMappings.Tests\SimpleMappings.Tests.csproj", "{3C24E2F2-A2EA-4449-A927-56F1EEA3F17F}"
EndProject
Global
	GlobalSection(SolutionConfigurationPlatforms) = preSolution
		Debug|Any CPU = Debug|Any CPU
		Release|Any CPU = Release|Any CPU
	EndGlobalSection
	GlobalSection(ProjectConfigurationPlatforms) = postSolution
		{8AFD0BD7-D8C8-41C7-8638-AA211CC60F05}.Debug|Any CPU.ActiveCfg = Debug|Any CPU
		{8AFD0BD7-D8C8-41C7-8638-AA211CC60F05}.Debug|Any CPU.Build.0 = Debug|Any CPU
		{8AFD0BD7-D8C8-41C7-8638-AA211CC60F05}.Release|Any CPU.ActiveCfg = Release|Any CPU
		{8AFD0BD7-D8C8-41C7-8638-AA211CC60F05}.Release|Any CPU.Build.0 = Release|Any CPU
		{3C24E2F2-A2EA-4449-A927-56F1EEA3F17F}.Debug|Any CPU.ActiveCfg = Debug|Any CPU
		{3C24E2F2-A2EA-4449-A927-56F1EEA3F17F}.Debug|Any CPU.Build.0 = Debug|Any CPU
		{3C24E2F2-A2EA-4449-A927-56F1EEA3F17F}.Release|Any CPU.ActiveCfg = Release|Any CPU
		{3C24E2F2-A2EA-4449-A927-56F1EEA3F17F}.Release|Any CPU.Build.0 = Release|Any CPU
	EndGlobalSection
EndGlobal
